
Microsoft Visual Studio Solution File, Format Version 12.00
# Visual Studio 15
Project("{FAE04EC0-301F-11D3-BF4B-00C04F79EFBC}") = "Assembly-CSharp", "Assembly-CSharp.csproj", "{46C4CFB4-35FC-4A4B-AC3D-E9ED6287EF06}"
EndProject
Project("{FAE04EC0-301F-11D3-BF4B-00C04F79EFBC}") = "Assembly-CSharp-Editor", "Assembly-CSharp-Editor.csproj", "{182172A0-D6DD-BAA4-8925-009C0D42AC52}"
EndProject
Global
	GlobalSection(SolutionConfigurationPlatforms) = preSolution
		Debug|Any CPU = Debug|Any CPU
		Release|Any CPU = Release|Any CPU
	EndGlobalSection
	GlobalSection(ProjectConfigurationPlatforms) = postSolution
		{46C4CFB4-35FC-4A4B-AC3D-E9ED6287EF06}.Debug|Any CPU.ActiveCfg = Debug|Any CPU
		{46C4CFB4-35FC-4A4B-AC3D-E9ED6287EF06}.Debug|Any CPU.Build.0 = Debug|Any CPU
		{46C4CFB4-35FC-4A4B-AC3D-E9ED6287EF06}.Release|Any CPU.ActiveCfg = Release|Any CPU
		{46C4CFB4-35FC-4A4B-AC3D-E9ED6287EF06}.Release|Any CPU.Build.0 = Release|Any CPU
		{182172A0-D6DD-BAA4-8925-009C0D42AC52}.Debug|Any CPU.ActiveCfg = Debug|Any CPU
		{182172A0-D6DD-BAA4-8925-009C0D42AC52}.Debug|Any CPU.Build.0 = Debug|Any CPU
		{182172A0-D6DD-BAA4-8925-009C0D42AC52}.Release|Any CPU.ActiveCfg = Release|Any CPU
		{182172A0-D6DD-BAA4-8925-009C0D42AC52}.Release|Any CPU.Build.0 = Release|Any CPU
	EndGlobalSection
	GlobalSection(SolutionProperties) = preSolution
		HideSolutionNode = FALSE
	EndGlobalSection
EndGlobal
